// !$*UTF8*$!
{
	archiveVersion = 1;
	classes = {
	};
	objectVersion = 46;
	objects = {

/* Begin PBXBuildFile section */
		2219B60A1C01685600611E00 /* ShareUtils.m in Sources */ = {isa = PBXBuildFile; fileRef = 2219B6091C01685600611E00 /* ShareUtils.m */; };
		223581441B4C655D0096646D /* AddNoteViewController.m in Sources */ = {isa = PBXBuildFile; fileRef = 223581431B4C655D0096646D /* AddNoteViewController.m */; };
		223581461B4D8E360096646D /* AddNoteViewControllerTests.m in Sources */ = {isa = PBXBuildFile; fileRef = 223581451B4D8E360096646D /* AddNoteViewControllerTests.m */; };
		223AD2F11B2F2C20003965FA /* main.m in Sources */ = {isa = PBXBuildFile; fileRef = 223AD2F01B2F2C20003965FA /* main.m */; };
		223AD2F41B2F2C20003965FA /* AppDelegate.m in Sources */ = {isa = PBXBuildFile; fileRef = 223AD2F31B2F2C20003965FA /* AppDelegate.m */; };
		223AD2F71B2F2C20003965FA /* BlocNotes.xcdatamodeld in Sources */ = {isa = PBXBuildFile; fileRef = 223AD2F51B2F2C20003965FA /* BlocNotes.xcdatamodeld */; };
		223AD2FA1B2F2C20003965FA /* MasterViewController.m in Sources */ = {isa = PBXBuildFile; fileRef = 223AD2F91B2F2C20003965FA /* MasterViewController.m */; };
		223AD2FD1B2F2C20003965FA /* DetailViewController.m in Sources */ = {isa = PBXBuildFile; fileRef = 223AD2FC1B2F2C20003965FA /* DetailViewController.m */; };
		223AD3001B2F2C20003965FA /* Main.storyboard in Resources */ = {isa = PBXBuildFile; fileRef = 223AD2FE1B2F2C20003965FA /* Main.storyboard */; };
		223AD3021B2F2C20003965FA /* Images.xcassets in Resources */ = {isa = PBXBuildFile; fileRef = 223AD3011B2F2C20003965FA /* Images.xcassets */; };
		223AD3051B2F2C20003965FA /* LaunchScreen.xib in Resources */ = {isa = PBXBuildFile; fileRef = 223AD3031B2F2C20003965FA /* LaunchScreen.xib */; };
		229E39871C109BCD00098457 /* ShareViewControllerTests.m in Sources */ = {isa = PBXBuildFile; fileRef = 229E39861C109BCD00098457 /* ShareViewControllerTests.m */; };
		22B6924F1C151891002636B9 /* Note.m in Sources */ = {isa = PBXBuildFile; fileRef = 22B6924E1C151891002636B9 /* Note.m */; };
		22BEA6F31C065FB200EE225F /* ShareViewController.m in Sources */ = {isa = PBXBuildFile; fileRef = 22BEA6F21C065FB200EE225F /* ShareViewController.m */; };
		22BEA6F51C065FB200EE225F /* MainInterface.storyboard in Resources */ = {isa = PBXBuildFile; fileRef = 22BEA6F41C065FB200EE225F /* MainInterface.storyboard */; };
		22BEA6F81C065FB200EE225F /* BlocNotesShareExtension.appex in Embed App Extensions */ = {isa = PBXBuildFile; fileRef = 22BEA6ED1C065FB200EE225F /* BlocNotesShareExtension.appex */; settings = {ATTRIBUTES = (RemoveHeadersOnCopy, ); }; };
		22D4BFAC1B4EAC49007D4E03 /* DetailViewControllerTests.m in Sources */ = {isa = PBXBuildFile; fileRef = 22D4BFAB1B4EAC49007D4E03 /* DetailViewControllerTests.m */; };
		22DFA4D21C08DACA00115092 /* NoteStore.m in Sources */ = {isa = PBXBuildFile; fileRef = 22E526091B331693005F3421 /* NoteStore.m */; };
		22E5260A1B331693005F3421 /* NoteStore.m in Sources */ = {isa = PBXBuildFile; fileRef = 22E526091B331693005F3421 /* NoteStore.m */; };
		22E5260C1B334D7B005F3421 /* NoteStoreTests.m in Sources */ = {isa = PBXBuildFile; fileRef = 22E5260B1B334D7B005F3421 /* NoteStoreTests.m */; };
/* End PBXBuildFile section */

/* Begin PBXContainerItemProxy section */
		223AD30B1B2F2C20003965FA /* PBXContainerItemProxy */ = {
			isa = PBXContainerItemProxy;
			containerPortal = 223AD2E31B2F2C20003965FA /* Project object */;
			proxyType = 1;
			remoteGlobalIDString = 223AD2EA1B2F2C20003965FA;
			remoteInfo = BlocNotes;
		};
		22BEA6F61C065FB200EE225F /* PBXContainerItemProxy */ = {
			isa = PBXContainerItemProxy;
			containerPortal = 223AD2E31B2F2C20003965FA /* Project object */;
			proxyType = 1;
			remoteGlobalIDString = 22BEA6EC1C065FB200EE225F;
			remoteInfo = BlocNotesShareExtension;
		};
/* End PBXContainerItemProxy section */

/* Begin PBXCopyFilesBuildPhase section */
		22BEA6FC1C065FB200EE225F /* Embed App Extensions */ = {
			isa = PBXCopyFilesBuildPhase;
			buildActionMask = 2147483647;
			dstPath = "";
			dstSubfolderSpec = 13;
			files = (
				22BEA6F81C065FB200EE225F /* BlocNotesShareExtension.appex in Embed App Extensions */,
			);
			name = "Embed App Extensions";
			runOnlyForDeploymentPostprocessing = 0;
		};
/* End PBXCopyFilesBuildPhase section */

/* Begin PBXFileReference section */
		2219B6081C01685600611E00 /* ShareUtils.h */ = {isa = PBXFileReference; fileEncoding = 4; lastKnownFileType = sourcecode.c.h; path = ShareUtils.h; sourceTree = "<group>"; };
		2219B6091C01685600611E00 /* ShareUtils.m */ = {isa = PBXFileReference; fileEncoding = 4; lastKnownFileType = sourcecode.c.objc; path = ShareUtils.m; sourceTree = "<group>"; };
		223581421B4C655D0096646D /* AddNoteViewController.h */ = {isa = PBXFileReference; fileEncoding = 4; lastKnownFileType = sourcecode.c.h; path = AddNoteViewController.h; sourceTree = "<group>"; };
		223581431B4C655D0096646D /* AddNoteViewController.m */ = {isa = PBXFileReference; fileEncoding = 4; lastKnownFileType = sourcecode.c.objc; path = AddNoteViewController.m; sourceTree = "<group>"; };
		223581451B4D8E360096646D /* AddNoteViewControllerTests.m */ = {isa = PBXFileReference; fileEncoding = 4; lastKnownFileType = sourcecode.c.objc; path = AddNoteViewControllerTests.m; sourceTree = "<group>"; };
		223AD2EB1B2F2C20003965FA /* BlocNotes.app */ = {isa = PBXFileReference; explicitFileType = wrapper.application; includeInIndex = 0; path = BlocNotes.app; sourceTree = BUILT_PRODUCTS_DIR; };
		223AD2EF1B2F2C20003965FA /* Info.plist */ = {isa = PBXFileReference; lastKnownFileType = text.plist.xml; path = Info.plist; sourceTree = "<group>"; };
		223AD2F01B2F2C20003965FA /* main.m */ = {isa = PBXFileReference; lastKnownFileType = sourcecode.c.objc; path = main.m; sourceTree = "<group>"; };
		223AD2F21B2F2C20003965FA /* AppDelegate.h */ = {isa = PBXFileReference; lastKnownFileType = sourcecode.c.h; path = AppDelegate.h; sourceTree = "<group>"; };
		223AD2F31B2F2C20003965FA /* AppDelegate.m */ = {isa = PBXFileReference; lastKnownFileType = sourcecode.c.objc; path = AppDelegate.m; sourceTree = "<group>"; };
		223AD2F61B2F2C20003965FA /* BlocNotes.xcdatamodel */ = {isa = PBXFileReference; lastKnownFileType = wrapper.xcdatamodel; path = BlocNotes.xcdatamodel; sourceTree = "<group>"; };
		223AD2F81B2F2C20003965FA /* MasterViewController.h */ = {isa = PBXFileReference; lastKnownFileType = sourcecode.c.h; path = MasterViewController.h; sourceTree = "<group>"; };
		223AD2F91B2F2C20003965FA /* MasterViewController.m */ = {isa = PBXFileReference; lastKnownFileType = sourcecode.c.objc; path = MasterViewController.m; sourceTree = "<group>"; };
		223AD2FB1B2F2C20003965FA /* DetailViewController.h */ = {isa = PBXFileReference; lastKnownFileType = sourcecode.c.h; path = DetailViewController.h; sourceTree = "<group>"; tabWidth = 4; usesTabs = 0; };
		223AD2FC1B2F2C20003965FA /* DetailViewController.m */ = {isa = PBXFileReference; lastKnownFileType = sourcecode.c.objc; path = DetailViewController.m; sourceTree = "<group>"; };
		223AD2FF1B2F2C20003965FA /* Base */ = {isa = PBXFileReference; lastKnownFileType = file.storyboard; name = Base; path = Base.lproj/Main.storyboard; sourceTree = "<group>"; };
		223AD3011B2F2C20003965FA /* Images.xcassets */ = {isa = PBXFileReference; lastKnownFileType = folder.assetcatalog; path = Images.xcassets; sourceTree = "<group>"; };
		223AD3041B2F2C20003965FA /* Base */ = {isa = PBXFileReference; lastKnownFileType = file.xib; name = Base; path = Base.lproj/LaunchScreen.xib; sourceTree = "<group>"; };
		223AD30A1B2F2C20003965FA /* BlocNotesTests.xctest */ = {isa = PBXFileReference; explicitFileType = wrapper.cfbundle; includeInIndex = 0; path = BlocNotesTests.xctest; sourceTree = BUILT_PRODUCTS_DIR; };
		223AD30F1B2F2C20003965FA /* Info.plist */ = {isa = PBXFileReference; lastKnownFileType = text.plist.xml; path = Info.plist; sourceTree = "<group>"; };
		229E39861C109BCD00098457 /* ShareViewControllerTests.m */ = {isa = PBXFileReference; fileEncoding = 4; lastKnownFileType = sourcecode.c.objc; path = ShareViewControllerTests.m; sourceTree = "<group>"; };
		22B6924D1C151891002636B9 /* Note.h */ = {isa = PBXFileReference; fileEncoding = 4; lastKnownFileType = sourcecode.c.h; path = Note.h; sourceTree = "<group>"; };
		22B6924E1C151891002636B9 /* Note.m */ = {isa = PBXFileReference; fileEncoding = 4; lastKnownFileType = sourcecode.c.objc; path = Note.m; sourceTree = "<group>"; };
		22BEA6ED1C065FB200EE225F /* BlocNotesShareExtension.appex */ = {isa = PBXFileReference; explicitFileType = "wrapper.app-extension"; includeInIndex = 0; path = BlocNotesShareExtension.appex; sourceTree = BUILT_PRODUCTS_DIR; };
		22BEA6F01C065FB200EE225F /* Info.plist */ = {isa = PBXFileReference; lastKnownFileType = text.plist.xml; path = Info.plist; sourceTree = "<group>"; };
		22BEA6F11C065FB200EE225F /* ShareViewController.h */ = {isa = PBXFileReference; lastKnownFileType = sourcecode.c.h; path = ShareViewController.h; sourceTree = "<group>"; };
		22BEA6F21C065FB200EE225F /* ShareViewController.m */ = {isa = PBXFileReference; lastKnownFileType = sourcecode.c.objc; path = ShareViewController.m; sourceTree = "<group>"; };
		22BEA6F41C065FB200EE225F /* MainInterface.storyboard */ = {isa = PBXFileReference; lastKnownFileType = file.storyboard; path = MainInterface.storyboard; sourceTree = "<group>"; };
		22BEA6FD1C06607800EE225F /* BlocNotesShareExtension.entitlements */ = {isa = PBXFileReference; lastKnownFileType = text.xml; path = BlocNotesShareExtension.entitlements; sourceTree = "<group>"; };
		22BEA6FE1C0660C100EE225F /* BlocNotes.entitlements */ = {isa = PBXFileReference; lastKnownFileType = text.xml; path = BlocNotes.entitlements; sourceTree = "<group>"; };
		22D4BFAB1B4EAC49007D4E03 /* DetailViewControllerTests.m */ = {isa = PBXFileReference; fileEncoding = 4; lastKnownFileType = sourcecode.c.objc; path = DetailViewControllerTests.m; sourceTree = "<group>"; };
		22E526081B331693005F3421 /* NoteStore.h */ = {isa = PBXFileReference; fileEncoding = 4; lastKnownFileType = sourcecode.c.h; path = NoteStore.h; sourceTree = "<group>"; };
		22E526091B331693005F3421 /* NoteStore.m */ = {isa = PBXFileReference; fileEncoding = 4; lastKnownFileType = sourcecode.c.objc; path = NoteStore.m; sourceTree = "<group>"; };
		22E5260B1B334D7B005F3421 /* NoteStoreTests.m */ = {isa = PBXFileReference; fileEncoding = 4; lastKnownFileType = sourcecode.c.objc; path = NoteStoreTests.m; sourceTree = "<group>"; };
/* End PBXFileReference section */

/* Begin PBXFrameworksBuildPhase section */
		223AD2E81B2F2C20003965FA /* Frameworks */ = {
			isa = PBXFrameworksBuildPhase;
			buildActionMask = 2147483647;
			files = (
			);
			runOnlyForDeploymentPostprocessing = 0;
		};
		223AD3071B2F2C20003965FA /* Frameworks */ = {
			isa = PBXFrameworksBuildPhase;
			buildActionMask = 2147483647;
			files = (
			);
			runOnlyForDeploymentPostprocessing = 0;
		};
		22BEA6EA1C065FB200EE225F /* Frameworks */ = {
			isa = PBXFrameworksBuildPhase;
			buildActionMask = 2147483647;
			files = (
			);
			runOnlyForDeploymentPostprocessing = 0;
		};
/* End PBXFrameworksBuildPhase section */

/* Begin PBXGroup section */
		223AD2E21B2F2C20003965FA = {
			isa = PBXGroup;
			children = (
				223AD2ED1B2F2C20003965FA /* BlocNotes */,
				223AD30D1B2F2C20003965FA /* BlocNotesTests */,
				22BEA6EE1C065FB200EE225F /* BlocNotesShareExtension */,
				223AD2EC1B2F2C20003965FA /* Products */,
			);
			sourceTree = "<group>";
		};
		223AD2EC1B2F2C20003965FA /* Products */ = {
			isa = PBXGroup;
			children = (
				223AD2EB1B2F2C20003965FA /* BlocNotes.app */,
				223AD30A1B2F2C20003965FA /* BlocNotesTests.xctest */,
				22BEA6ED1C065FB200EE225F /* BlocNotesShareExtension.appex */,
			);
			name = Products;
			sourceTree = "<group>";
		};
		223AD2ED1B2F2C20003965FA /* BlocNotes */ = {
			isa = PBXGroup;
			children = (
				22BEA6FE1C0660C100EE225F /* BlocNotes.entitlements */,
				22E3D8301B30C0BE007DC7AA /* Model */,
				223AD2F21B2F2C20003965FA /* AppDelegate.h */,
				223AD2F31B2F2C20003965FA /* AppDelegate.m */,
				223AD2F81B2F2C20003965FA /* MasterViewController.h */,
				223AD2F91B2F2C20003965FA /* MasterViewController.m */,
				223AD2FB1B2F2C20003965FA /* DetailViewController.h */,
				223AD2FC1B2F2C20003965FA /* DetailViewController.m */,
				223581421B4C655D0096646D /* AddNoteViewController.h */,
				223581431B4C655D0096646D /* AddNoteViewController.m */,
				223AD2FE1B2F2C20003965FA /* Main.storyboard */,
				223AD3011B2F2C20003965FA /* Images.xcassets */,
				223AD3031B2F2C20003965FA /* LaunchScreen.xib */,
				2219B6081C01685600611E00 /* ShareUtils.h */,
				2219B6091C01685600611E00 /* ShareUtils.m */,
				223AD2EE1B2F2C20003965FA /* Supporting Files */,
			);
			path = BlocNotes;
			sourceTree = "<group>";
		};
		223AD2EE1B2F2C20003965FA /* Supporting Files */ = {
			isa = PBXGroup;
			children = (
				223AD2EF1B2F2C20003965FA /* Info.plist */,
				223AD2F01B2F2C20003965FA /* main.m */,
			);
			name = "Supporting Files";
			sourceTree = "<group>";
		};
		223AD30D1B2F2C20003965FA /* BlocNotesTests */ = {
			isa = PBXGroup;
			children = (
				22BB9FCE1B3ABA810013E5FA /* Controller Tests */,
				22E526051B31F343005F3421 /* Model Tests */,
				223AD30E1B2F2C20003965FA /* Supporting Files */,
			);
			path = BlocNotesTests;
			sourceTree = "<group>";
		};
		223AD30E1B2F2C20003965FA /* Supporting Files */ = {
			isa = PBXGroup;
			children = (
				223AD30F1B2F2C20003965FA /* Info.plist */,
			);
			name = "Supporting Files";
			sourceTree = "<group>";
		};
		22BB9FCE1B3ABA810013E5FA /* Controller Tests */ = {
			isa = PBXGroup;
			children = (
				223581451B4D8E360096646D /* AddNoteViewControllerTests.m */,
				22D4BFAB1B4EAC49007D4E03 /* DetailViewControllerTests.m */,
				229E39861C109BCD00098457 /* ShareViewControllerTests.m */,
			);
			name = "Controller Tests";
			sourceTree = "<group>";
		};
		22BEA6EE1C065FB200EE225F /* BlocNotesShareExtension */ = {
			isa = PBXGroup;
			children = (
				22BEA6FD1C06607800EE225F /* BlocNotesShareExtension.entitlements */,
				22BEA6F11C065FB200EE225F /* ShareViewController.h */,
				22BEA6F21C065FB200EE225F /* ShareViewController.m */,
				22BEA6F41C065FB200EE225F /* MainInterface.storyboard */,
				22BEA6EF1C065FB200EE225F /* Supporting Files */,
			);
			path = BlocNotesShareExtension;
			sourceTree = "<group>";
		};
		22BEA6EF1C065FB200EE225F /* Supporting Files */ = {
			isa = PBXGroup;
			children = (
				22BEA6F01C065FB200EE225F /* Info.plist */,
			);
			name = "Supporting Files";
			sourceTree = "<group>";
		};
		22E3D8301B30C0BE007DC7AA /* Model */ = {
			isa = PBXGroup;
			children = (
				22B6924D1C151891002636B9 /* Note.h */,
				22B6924E1C151891002636B9 /* Note.m */,
				223AD2F51B2F2C20003965FA /* BlocNotes.xcdatamodeld */,
				22E526081B331693005F3421 /* NoteStore.h */,
				22E526091B331693005F3421 /* NoteStore.m */,
			);
			name = Model;
			sourceTree = "<group>";
		};
		22E526051B31F343005F3421 /* Model Tests */ = {
			isa = PBXGroup;
			children = (
				22E5260B1B334D7B005F3421 /* NoteStoreTests.m */,
			);
			name = "Model Tests";
			path = ../BlocNotes;
			sourceTree = "<group>";
		};
/* End PBXGroup section */

/* Begin PBXNativeTarget section */
		223AD2EA1B2F2C20003965FA /* BlocNotes */ = {
			isa = PBXNativeTarget;
			buildConfigurationList = 223AD3141B2F2C20003965FA /* Build configuration list for PBXNativeTarget "BlocNotes" */;
			buildPhases = (
				223AD2E71B2F2C20003965FA /* Sources */,
				223AD2E81B2F2C20003965FA /* Frameworks */,
				223AD2E91B2F2C20003965FA /* Resources */,
				22BEA6FC1C065FB200EE225F /* Embed App Extensions */,
			);
			buildRules = (
			);
			dependencies = (
				22BEA6F71C065FB200EE225F /* PBXTargetDependency */,
			);
			name = BlocNotes;
			productName = BlocNotes;
			productReference = 223AD2EB1B2F2C20003965FA /* BlocNotes.app */;
			productType = "com.apple.product-type.application";
		};
		223AD3091B2F2C20003965FA /* BlocNotesTests */ = {
			isa = PBXNativeTarget;
			buildConfigurationList = 223AD3171B2F2C20003965FA /* Build configuration list for PBXNativeTarget "BlocNotesTests" */;
			buildPhases = (
				223AD3061B2F2C20003965FA /* Sources */,
				223AD3071B2F2C20003965FA /* Frameworks */,
				223AD3081B2F2C20003965FA /* Resources */,
			);
			buildRules = (
			);
			dependencies = (
				223AD30C1B2F2C20003965FA /* PBXTargetDependency */,
			);
			name = BlocNotesTests;
			productName = BlocNotesTests;
			productReference = 223AD30A1B2F2C20003965FA /* BlocNotesTests.xctest */;
			productType = "com.apple.product-type.bundle.unit-test";
		};
		22BEA6EC1C065FB200EE225F /* BlocNotesShareExtension */ = {
			isa = PBXNativeTarget;
			buildConfigurationList = 22BEA6F91C065FB200EE225F /* Build configuration list for PBXNativeTarget "BlocNotesShareExtension" */;
			buildPhases = (
				22BEA6E91C065FB200EE225F /* Sources */,
				22BEA6EA1C065FB200EE225F /* Frameworks */,
				22BEA6EB1C065FB200EE225F /* Resources */,
			);
			buildRules = (
			);
			dependencies = (
			);
			name = BlocNotesShareExtension;
			productName = BlocNotesShareExtension;
			productReference = 22BEA6ED1C065FB200EE225F /* BlocNotesShareExtension.appex */;
			productType = "com.apple.product-type.app-extension";
		};
/* End PBXNativeTarget section */

/* Begin PBXProject section */
		223AD2E31B2F2C20003965FA /* Project object */ = {
			isa = PBXProject;
			attributes = {
				LastUpgradeCheck = 0630;
				ORGANIZATIONNAME = "Tim Pryor";
				TargetAttributes = {
					223AD2EA1B2F2C20003965FA = {
						CreatedOnToolsVersion = 6.3.2;
						DevelopmentTeam = 576YPZA5W3;
						SystemCapabilities = {
							com.apple.ApplicationGroups.iOS = {
								enabled = 1;
							};
							com.apple.iCloud = {
								enabled = 1;
							};
						};
					};
					223AD3091B2F2C20003965FA = {
						CreatedOnToolsVersion = 6.3.2;
						TestTargetID = 223AD2EA1B2F2C20003965FA;
					};
					22BEA6EC1C065FB200EE225F = {
						CreatedOnToolsVersion = 6.4;
						DevelopmentTeam = 576YPZA5W3;
						SystemCapabilities = {
							com.apple.ApplicationGroups.iOS = {
								enabled = 1;
							};
						};
					};
				};
			};
			buildConfigurationList = 223AD2E61B2F2C20003965FA /* Build configuration list for PBXProject "BlocNotes" */;
			compatibilityVersion = "Xcode 3.2";
			developmentRegion = English;
			hasScannedForEncodings = 0;
			knownRegions = (
				en,
				Base,
			);
			mainGroup = 223AD2E21B2F2C20003965FA;
			productRefGroup = 223AD2EC1B2F2C20003965FA /* Products */;
			projectDirPath = "";
			projectRoot = "";
			targets = (
				223AD2EA1B2F2C20003965FA /* BlocNotes */,
				223AD3091B2F2C20003965FA /* BlocNotesTests */,
				22BEA6EC1C065FB200EE225F /* BlocNotesShareExtension */,
			);
		};
/* End PBXProject section */

/* Begin PBXResourcesBuildPhase section */
		223AD2E91B2F2C20003965FA /* Resources */ = {
			isa = PBXResourcesBuildPhase;
			buildActionMask = 2147483647;
			files = (
				223AD3001B2F2C20003965FA /* Main.storyboard in Resources */,
				223AD3051B2F2C20003965FA /* LaunchScreen.xib in Resources */,
				223AD3021B2F2C20003965FA /* Images.xcassets in Resources */,
			);
			runOnlyForDeploymentPostprocessing = 0;
		};
		223AD3081B2F2C20003965FA /* Resources */ = {
			isa = PBXResourcesBuildPhase;
			buildActionMask = 2147483647;
			files = (
			);
			runOnlyForDeploymentPostprocessing = 0;
		};
		22BEA6EB1C065FB200EE225F /* Resources */ = {
			isa = PBXResourcesBuildPhase;
			buildActionMask = 2147483647;
			files = (
				22BEA6F51C065FB200EE225F /* MainInterface.storyboard in Resources */,
			);
			runOnlyForDeploymentPostprocessing = 0;
		};
/* End PBXResourcesBuildPhase section */

/* Begin PBXSourcesBuildPhase section */
		223AD2E71B2F2C20003965FA /* Sources */ = {
			isa = PBXSourcesBuildPhase;
			buildActionMask = 2147483647;
			files = (
				22B6924F1C151891002636B9 /* Note.m in Sources */,
				223581441B4C655D0096646D /* AddNoteViewController.m in Sources */,
				223AD2FD1B2F2C20003965FA /* DetailViewController.m in Sources */,
				22E5260A1B331693005F3421 /* NoteStore.m in Sources */,
				223AD2FA1B2F2C20003965FA /* MasterViewController.m in Sources */,
				223AD2F41B2F2C20003965FA /* AppDelegate.m in Sources */,
				223AD2F71B2F2C20003965FA /* BlocNotes.xcdatamodeld in Sources */,
				223AD2F11B2F2C20003965FA /* main.m in Sources */,
				2219B60A1C01685600611E00 /* ShareUtils.m in Sources */,
			);
			runOnlyForDeploymentPostprocessing = 0;
		};
		223AD3061B2F2C20003965FA /* Sources */ = {
			isa = PBXSourcesBuildPhase;
			buildActionMask = 2147483647;
			files = (
				223581461B4D8E360096646D /* AddNoteViewControllerTests.m in Sources */,
				22E5260C1B334D7B005F3421 /* NoteStoreTests.m in Sources */,
				229E39871C109BCD00098457 /* ShareViewControllerTests.m in Sources */,
				22D4BFAC1B4EAC49007D4E03 /* DetailViewControllerTests.m in Sources */,
			);
			runOnlyForDeploymentPostprocessing = 0;
		};
		22BEA6E91C065FB200EE225F /* Sources */ = {
			isa = PBXSourcesBuildPhase;
			buildActionMask = 2147483647;
			files = (
				22BEA6F31C065FB200EE225F /* ShareViewController.m in Sources */,
				22DFA4D21C08DACA00115092 /* NoteStore.m in Sources */,
			);
			runOnlyForDeploymentPostprocessing = 0;
		};
/* End PBXSourcesBuildPhase section */

/* Begin PBXTargetDependency section */
		223AD30C1B2F2C20003965FA /* PBXTargetDependency */ = {
			isa = PBXTargetDependency;
			target = 223AD2EA1B2F2C20003965FA /* BlocNotes */;
			targetProxy = 223AD30B1B2F2C20003965FA /* PBXContainerItemProxy */;
		};
		22BEA6F71C065FB200EE225F /* PBXTargetDependency */ = {
			isa = PBXTargetDependency;
			target = 22BEA6EC1C065FB200EE225F /* BlocNotesShareExtension */;
			targetProxy = 22BEA6F61C065FB200EE225F /* PBXContainerItemProxy */;
		};
/* End PBXTargetDependency section */

/* Begin PBXVariantGroup section */
		223AD2FE1B2F2C20003965FA /* Main.storyboard */ = {
			isa = PBXVariantGroup;
			children = (
				223AD2FF1B2F2C20003965FA /* Base */,
			);
			name = Main.storyboard;
			sourceTree = "<group>";
		};
		223AD3031B2F2C20003965FA /* LaunchScreen.xib */ = {
			isa = PBXVariantGroup;
			children = (
				223AD3041B2F2C20003965FA /* Base */,
			);
			name = LaunchScreen.xib;
			sourceTree = "<group>";
		};
/* End PBXVariantGroup section */

/* Begin XCBuildConfiguration section */
		223AD3121B2F2C20003965FA /* Debug */ = {
			isa = XCBuildConfiguration;
			buildSettings = {
				ALWAYS_SEARCH_USER_PATHS = NO;
				CLANG_CXX_LANGUAGE_STANDARD = "gnu++0x";
				CLANG_CXX_LIBRARY = "libc++";
				CLANG_ENABLE_MODULES = YES;
				CLANG_ENABLE_OBJC_ARC = YES;
				CLANG_WARN_BOOL_CONVERSION = YES;
				CLANG_WARN_CONSTANT_CONVERSION = YES;
				CLANG_WARN_DIRECT_OBJC_ISA_USAGE = YES_ERROR;
				CLANG_WARN_EMPTY_BODY = YES;
				CLANG_WARN_ENUM_CONVERSION = YES;
				CLANG_WARN_INT_CONVERSION = YES;
				CLANG_WARN_OBJC_ROOT_CLASS = YES_ERROR;
				CLANG_WARN_UNREACHABLE_CODE = YES;
				CLANG_WARN__DUPLICATE_METHOD_MATCH = YES;
				"CODE_SIGN_IDENTITY[sdk=iphoneos*]" = "iPhone Developer";
				COPY_PHASE_STRIP = NO;
				DEBUG_INFORMATION_FORMAT = "dwarf-with-dsym";
				ENABLE_STRICT_OBJC_MSGSEND = YES;
				GCC_C_LANGUAGE_STANDARD = gnu99;
				GCC_DYNAMIC_NO_PIC = NO;
				GCC_NO_COMMON_BLOCKS = YES;
				GCC_OPTIMIZATION_LEVEL = 0;
				GCC_PREPROCESSOR_DEFINITIONS = (
					"DEBUG=1",
					"$(inherited)",
				);
				GCC_SYMBOLS_PRIVATE_EXTERN = NO;
				GCC_WARN_64_TO_32_BIT_CONVERSION = YES;
				GCC_WARN_ABOUT_RETURN_TYPE = YES_ERROR;
				GCC_WARN_UNDECLARED_SELECTOR = YES;
				GCC_WARN_UNINITIALIZED_AUTOS = YES_AGGRESSIVE;
				GCC_WARN_UNUSED_FUNCTION = YES;
				GCC_WARN_UNUSED_VARIABLE = YES;
				IPHONEOS_DEPLOYMENT_TARGET = 8.3;
				MTL_ENABLE_DEBUG_INFO = YES;
				ONLY_ACTIVE_ARCH = YES;
				SDKROOT = iphoneos;
				TARGETED_DEVICE_FAMILY = "1,2";
			};
			name = Debug;
		};
		223AD3131B2F2C20003965FA /* Release */ = {
			isa = XCBuildConfiguration;
			buildSettings = {
				ALWAYS_SEARCH_USER_PATHS = NO;
				CLANG_CXX_LANGUAGE_STANDARD = "gnu++0x";
				CLANG_CXX_LIBRARY = "libc++";
				CLANG_ENABLE_MODULES = YES;
				CLANG_ENABLE_OBJC_ARC = YES;
				CLANG_WARN_BOOL_CONVERSION = YES;
				CLANG_WARN_CONSTANT_CONVERSION = YES;
				CLANG_WARN_DIRECT_OBJC_ISA_USAGE = YES_ERROR;
				CLANG_WARN_EMPTY_BODY = YES;
				CLANG_WARN_ENUM_CONVERSION = YES;
				CLANG_WARN_INT_CONVERSION = YES;
				CLANG_WARN_OBJC_ROOT_CLASS = YES_ERROR;
				CLANG_WARN_UNREACHABLE_CODE = YES;
				CLANG_WARN__DUPLICATE_METHOD_MATCH = YES;
				"CODE_SIGN_IDENTITY[sdk=iphoneos*]" = "iPhone Developer";
				COPY_PHASE_STRIP = NO;
				DEBUG_INFORMATION_FORMAT = "dwarf-with-dsym";
				ENABLE_NS_ASSERTIONS = NO;
				ENABLE_STRICT_OBJC_MSGSEND = YES;
				GCC_C_LANGUAGE_STANDARD = gnu99;
				GCC_NO_COMMON_BLOCKS = YES;
				GCC_WARN_64_TO_32_BIT_CONVERSION = YES;
				GCC_WARN_ABOUT_RETURN_TYPE = YES_ERROR;
				GCC_WARN_UNDECLARED_SELECTOR = YES;
				GCC_WARN_UNINITIALIZED_AUTOS = YES_AGGRESSIVE;
				GCC_WARN_UNUSED_FUNCTION = YES;
				GCC_WARN_UNUSED_VARIABLE = YES;
				IPHONEOS_DEPLOYMENT_TARGET = 8.3;
				MTL_ENABLE_DEBUG_INFO = NO;
				SDKROOT = iphoneos;
				TARGETED_DEVICE_FAMILY = "1,2";
				VALIDATE_PRODUCT = YES;
			};
			name = Release;
		};
		223AD3151B2F2C20003965FA /* Debug */ = {
			isa = XCBuildConfiguration;
			buildSettings = {
				ASSETCATALOG_COMPILER_APPICON_NAME = AppIcon;
				CODE_SIGN_ENTITLEMENTS = BlocNotes/BlocNotes.entitlements;
				CODE_SIGN_IDENTITY = "iPhone Developer";
				"CODE_SIGN_IDENTITY[sdk=iphoneos*]" = "iPhone Developer";
				INFOPLIST_FILE = BlocNotes/Info.plist;
				LD_RUNPATH_SEARCH_PATHS = "$(inherited) @executable_path/Frameworks";
				PRODUCT_NAME = "$(TARGET_NAME)";
				PROVISIONING_PROFILE = "";
			};
			name = Debug;
		};
		223AD3161B2F2C20003965FA /* Release */ = {
			isa = XCBuildConfiguration;
			buildSettings = {
				ASSETCATALOG_COMPILER_APPICON_NAME = AppIcon;
				CODE_SIGN_ENTITLEMENTS = BlocNotes/BlocNotes.entitlements;
				CODE_SIGN_IDENTITY = "iPhone Developer";
				"CODE_SIGN_IDENTITY[sdk=iphoneos*]" = "iPhone Developer";
				INFOPLIST_FILE = BlocNotes/Info.plist;
				LD_RUNPATH_SEARCH_PATHS = "$(inherited) @executable_path/Frameworks";
				PRODUCT_NAME = "$(TARGET_NAME)";
				PROVISIONING_PROFILE = "";
			};
			name = Release;
		};
		223AD3181B2F2C20003965FA /* Debug */ = {
			isa = XCBuildConfiguration;
			buildSettings = {
				BUNDLE_LOADER = "$(TEST_HOST)";
				FRAMEWORK_SEARCH_PATHS = (
					"$(SDKROOT)/Developer/Library/Frameworks",
					"$(inherited)",
				);
				GCC_PREPROCESSOR_DEFINITIONS = (
					"DEBUG=1",
					"$(inherited)",
				);
				INFOPLIST_FILE = BlocNotesTests/Info.plist;
				LD_RUNPATH_SEARCH_PATHS = "$(inherited) @executable_path/Frameworks @loader_path/Frameworks";
				PRODUCT_NAME = "$(TARGET_NAME)";
				TEST_HOST = "$(BUILT_PRODUCTS_DIR)/BlocNotes.app/BlocNotes";
			};
			name = Debug;
		};
		223AD3191B2F2C20003965FA /* Release */ = {
			isa = XCBuildConfiguration;
			buildSettings = {
				BUNDLE_LOADER = "$(TEST_HOST)";
				FRAMEWORK_SEARCH_PATHS = (
					"$(SDKROOT)/Developer/Library/Frameworks",
					"$(inherited)",
				);
				INFOPLIST_FILE = BlocNotesTests/Info.plist;
				LD_RUNPATH_SEARCH_PATHS = "$(inherited) @executable_path/Frameworks @loader_path/Frameworks";
				PRODUCT_NAME = "$(TARGET_NAME)";
				TEST_HOST = "$(BUILT_PRODUCTS_DIR)/BlocNotes.app/BlocNotes";
			};
			name = Release;
		};
		22BEA6FA1C065FB200EE225F /* Debug */ = {
			isa = XCBuildConfiguration;
			buildSettings = {
				CODE_SIGN_ENTITLEMENTS = BlocNotesShareExtension/BlocNotesShareExtension.entitlements;
				CODE_SIGN_IDENTITY = "iPhone Developer";
				"CODE_SIGN_IDENTITY[sdk=iphoneos*]" = "iPhone Developer";
				GCC_PREPROCESSOR_DEFINITIONS = (
					"DEBUG=1",
					"$(inherited)",
				);
				INFOPLIST_FILE = BlocNotesShareExtension/Info.plist;
				IPHONEOS_DEPLOYMENT_TARGET = 8.4;
				LD_RUNPATH_SEARCH_PATHS = "$(inherited) @executable_path/Frameworks @executable_path/../../Frameworks";
				PRODUCT_NAME = "$(TARGET_NAME)";
				PROVISIONING_PROFILE = "";
				SKIP_INSTALL = YES;
			};
			name = Debug;
		};
		22BEA6FB1C065FB200EE225F /* Release */ = {
			isa = XCBuildConfiguration;
			buildSettings = {
				CODE_SIGN_ENTITLEMENTS = BlocNotesShareExtension/BlocNotesShareExtension.entitlements;
				CODE_SIGN_IDENTITY = "iPhone Developer";
				"CODE_SIGN_IDENTITY[sdk=iphoneos*]" = "iPhone Developer";
				INFOPLIST_FILE = BlocNotesShareExtension/Info.plist;
				IPHONEOS_DEPLOYMENT_TARGET = 8.4;
				LD_RUNPATH_SEARCH_PATHS = "$(inherited) @executable_path/Frameworks @executable_path/../../Frameworks";
				PRODUCT_NAME = "$(TARGET_NAME)";
				PROVISIONING_PROFILE = "";
				SKIP_INSTALL = YES;
			};
			name = Release;
		};
/* End XCBuildConfiguration section */

/* Begin XCConfigurationList section */
		223AD2E61B2F2C20003965FA /* Build configuration list for PBXProject "BlocNotes" */ = {
			isa = XCConfigurationList;
			buildConfigurations = (
				223AD3121B2F2C20003965FA /* Debug */,
				223AD3131B2F2C20003965FA /* Release */,
			);
			defaultConfigurationIsVisible = 0;
			defaultConfigurationName = Release;
		};
		223AD3141B2F2C20003965FA /* Build configuration list for PBXNativeTarget "BlocNotes" */ = {
			isa = XCConfigurationList;
			buildConfigurations = (
				223AD3151B2F2C20003965FA /* Debug */,
				223AD3161B2F2C20003965FA /* Release */,
			);
			defaultConfigurationIsVisible = 0;
			defaultConfigurationName = Release;
		};
		223AD3171B2F2C20003965FA /* Build configuration list for PBXNativeTarget "BlocNotesTests" */ = {
			isa = XCConfigurationList;
			buildConfigurations = (
				223AD3181B2F2C20003965FA /* Debug */,
				223AD3191B2F2C20003965FA /* Release */,
			);
			defaultConfigurationIsVisible = 0;
			defaultConfigurationName = Release;
		};
		22BEA6F91C065FB200EE225F /* Build configuration list for PBXNativeTarget "BlocNotesShareExtension" */ = {
			isa = XCConfigurationList;
			buildConfigurations = (
				22BEA6FA1C065FB200EE225F /* Debug */,
				22BEA6FB1C065FB200EE225F /* Release */,
			);
			defaultConfigurationIsVisible = 0;
			defaultConfigurationName = Release;
		};
/* End XCConfigurationList section */

/* Begin XCVersionGroup section */
		223AD2F51B2F2C20003965FA /* BlocNotes.xcdatamodeld */ = {
			isa = XCVersionGroup;
			children = (
				223AD2F61B2F2C20003965FA /* BlocNotes.xcdatamodel */,
			);
			currentVersion = 223AD2F61B2F2C20003965FA /* BlocNotes.xcdatamodel */;
			path = BlocNotes.xcdatamodeld;
			sourceTree = "<group>";
			versionGroupType = wrapper.xcdatamodel;
		};
/* End XCVersionGroup section */
	};
	rootObject = 223AD2E31B2F2C20003965FA /* Project object */;
}
